// !$*UTF8*$!
{
	archiveVersion = 1;
	classes = {
	};
	objectVersion = 56;
	objects = {

/* Begin PBXBuildFile section */
		61EC4EBE2A2FD8150008F95F /* CoreFoundation.framework in Frameworks */ = {isa = PBXBuildFile; fileRef = 61EC4EBD2A2FD8150008F95F /* CoreFoundation.framework */; };
		61EC4EC02A2FD8220008F95F /* IOKit.framework in Frameworks */ = {isa = PBXBuildFile; fileRef = 61EC4EBF2A2FD8220008F95F /* IOKit.framework */; };
		61EC4EC22A2FD8790008F95F /* libconcert.a in Frameworks */ = {isa = PBXBuildFile; fileRef = 61EC4EC12A2FD8790008F95F /* libconcert.a */; };
		61EC4EC52A2FD8AF0008F95F /* libilocplex.a in Frameworks */ = {isa = PBXBuildFile; fileRef = 61EC4EC32A2FD8AF0008F95F /* libilocplex.a */; };
		61EC4EC62A2FD8AF0008F95F /* libcplex.a in Frameworks */ = {isa = PBXBuildFile; fileRef = 61EC4EC42A2FD8AF0008F95F /* libcplex.a */; };
		61EC4ED62A2FDFA30008F95F /* facility.cpp in Sources */ = {isa = PBXBuildFile; fileRef = 61EC4ED52A2FDFA30008F95F /* facility.cpp */; };
/* End PBXBuildFile section */

/* Begin PBXCopyFilesBuildPhase section */
		61EC4EB02A2FD7B40008F95F /* CopyFiles */ = {
			isa = PBXCopyFilesBuildPhase;
			buildActionMask = 2147483647;
			dstPath = /usr/share/man/man1;
			dstSubfolderSpec = 0;
			files = (
			);
			runOnlyForDeploymentPostprocessing = 1;
		};
/* End PBXCopyFilesBuildPhase section */

/* Begin PBXFileReference section */
		61EC4EB22A2FD7B40008F95F /* operation_research */ = {isa = PBXFileReference; explicitFileType = "compiled.mach-o.executable"; includeInIndex = 0; path = operation_research; sourceTree = BUILT_PRODUCTS_DIR; };
		61EC4EBD2A2FD8150008F95F /* CoreFoundation.framework */ = {isa = PBXFileReference; lastKnownFileType = wrapper.framework; name = CoreFoundation.framework; path = System/Library/Frameworks/CoreFoundation.framework; sourceTree = SDKROOT; };
		61EC4EBF2A2FD8220008F95F /* IOKit.framework */ = {isa = PBXFileReference; lastKnownFileType = wrapper.framework; name = IOKit.framework; path = System/Library/Frameworks/IOKit.framework; sourceTree = SDKROOT; };
		61EC4EC12A2FD8790008F95F /* libconcert.a */ = {isa = PBXFileReference; lastKnownFileType = archive.ar; name = libconcert.a; path = ../../../../../Applications/CPLEX_Studio2211/concert/lib/arm64_osx/static_pic/libconcert.a; sourceTree = "<group>"; };
		61EC4EC32A2FD8AF0008F95F /* libilocplex.a */ = {isa = PBXFileReference; lastKnownFileType = archive.ar; name = libilocplex.a; path = ../../../../../Applications/CPLEX_Studio2211/cplex/lib/arm64_osx/static_pic/libilocplex.a; sourceTree = "<group>"; };
		61EC4EC42A2FD8AF0008F95F /* libcplex.a */ = {isa = PBXFileReference; lastKnownFileType = archive.ar; name = libcplex.a; path = ../../../../../Applications/CPLEX_Studio2211/cplex/lib/arm64_osx/static_pic/libcplex.a; sourceTree = "<group>"; };
		61EC4ED52A2FDFA30008F95F /* facility.cpp */ = {isa = PBXFileReference; lastKnownFileType = sourcecode.cpp.cpp; path = facility.cpp; sourceTree = "<group>"; };
		61EC4ED72A2FDFA60008F95F /* facility.dat */ = {isa = PBXFileReference; lastKnownFileType = text; path = facility.dat; sourceTree = "<group>"; };
/* End PBXFileReference section */

/* Begin PBXFrameworksBuildPhase section */
		61EC4EAF2A2FD7B40008F95F /* Frameworks */ = {
			isa = PBXFrameworksBuildPhase;
			buildActionMask = 2147483647;
			files = (
				61EC4EC52A2FD8AF0008F95F /* libilocplex.a in Frameworks */,
				61EC4EC62A2FD8AF0008F95F /* libcplex.a in Frameworks */,
				61EC4EC22A2FD8790008F95F /* libconcert.a in Frameworks */,
				61EC4EC02A2FD8220008F95F /* IOKit.framework in Frameworks */,
				61EC4EBE2A2FD8150008F95F /* CoreFoundation.framework in Frameworks */,
			);
			runOnlyForDeploymentPostprocessing = 0;
		};
/* End PBXFrameworksBuildPhase section */

/* Begin PBXGroup section */
		61EC4EA92A2FD7B40008F95F = {
			isa = PBXGroup;
			children = (
				61EC4ECB2A2FDDD80008F95F /* operation_research */,
				61EC4EB32A2FD7B40008F95F /* Products */,
				61EC4EBC2A2FD8150008F95F /* Frameworks */,
			);
			sourceTree = "<group>";
		};
		61EC4EB32A2FD7B40008F95F /* Products */ = {
			isa = PBXGroup;
			children = (
				61EC4EB22A2FD7B40008F95F /* operation_research */,
			);
			name = Products;
			sourceTree = "<group>";
		};
		61EC4EBC2A2FD8150008F95F /* Frameworks */ = {
			isa = PBXGroup;
			children = (
				61EC4EC42A2FD8AF0008F95F /* libcplex.a */,
				61EC4EC32A2FD8AF0008F95F /* libilocplex.a */,
				61EC4EC12A2FD8790008F95F /* libconcert.a */,
				61EC4EBF2A2FD8220008F95F /* IOKit.framework */,
				61EC4EBD2A2FD8150008F95F /* CoreFoundation.framework */,
			);
			name = Frameworks;
			sourceTree = "<group>";
		};
		61EC4ECB2A2FDDD80008F95F /* operation_research */ = {
			isa = PBXGroup;
			children = (
				61EC4EDA2A2FDFED0008F95F /* data */,
				61EC4ED92A2FDFE30008F95F /* src */,
			);
			name = operation_research;
			sourceTree = SOURCE_ROOT;
		};
		61EC4ED92A2FDFE30008F95F /* src */ = {
			isa = PBXGroup;
			children = (
				61EC4ED52A2FDFA30008F95F /* facility.cpp */,
			);
			name = src;
			sourceTree = "<group>";
		};
		61EC4EDA2A2FDFED0008F95F /* data */ = {
			isa = PBXGroup;
			children = (
				61EC4ED72A2FDFA60008F95F /* facility.dat */,
			);
			name = data;
			sourceTree = "<group>";
		};
/* End PBXGroup section */

/* Begin PBXNativeTarget section */
		61EC4EB12A2FD7B40008F95F /* operation_research */ = {
			isa = PBXNativeTarget;
			buildConfigurationList = 61EC4EB92A2FD7B40008F95F /* Build configuration list for PBXNativeTarget "operation_research" */;
			buildPhases = (
				61EC4EAE2A2FD7B40008F95F /* Sources */,
				61EC4EAF2A2FD7B40008F95F /* Frameworks */,
				61EC4EB02A2FD7B40008F95F /* CopyFiles */,
			);
			buildRules = (
			);
			dependencies = (
			);
			name = operation_research;
			productName = operation_research;
			productReference = 61EC4EB22A2FD7B40008F95F /* operation_research */;
			productType = "com.apple.product-type.tool";
		};
/* End PBXNativeTarget section */

/* Begin PBXProject section */
		61EC4EAA2A2FD7B40008F95F /* Project object */ = {
			isa = PBXProject;
			attributes = {
				BuildIndependentTargetsInParallel = 1;
				LastUpgradeCheck = 1430;
				TargetAttributes = {
					61EC4EB12A2FD7B40008F95F = {
						CreatedOnToolsVersion = 14.3.1;
					};
				};
			};
			buildConfigurationList = 61EC4EAD2A2FD7B40008F95F /* Build configuration list for PBXProject "operation_research" */;
			compatibilityVersion = "Xcode 14.0";
			developmentRegion = en;
			hasScannedForEncodings = 0;
			knownRegions = (
				en,
				Base,
			);
			mainGroup = 61EC4EA92A2FD7B40008F95F;
			productRefGroup = 61EC4EB32A2FD7B40008F95F /* Products */;
			projectDirPath = "";
			projectRoot = "";
			targets = (
				61EC4EB12A2FD7B40008F95F /* operation_research */,
			);
		};
/* End PBXProject section */

/* Begin PBXSourcesBuildPhase section */
		61EC4EAE2A2FD7B40008F95F /* Sources */ = {
			isa = PBXSourcesBuildPhase;
			buildActionMask = 2147483647;
			files = (
				61EC4ED62A2FDFA30008F95F /* facility.cpp in Sources */,
			);
			runOnlyForDeploymentPostprocessing = 0;
		};
/* End PBXSourcesBuildPhase section */

/* Begin XCBuildConfiguration section */
		61EC4EB72A2FD7B40008F95F /* Debug */ = {
			isa = XCBuildConfiguration;
			buildSettings = {
				ALWAYS_SEARCH_USER_PATHS = NO;
				CLANG_ANALYZER_NONNULL = YES;
				CLANG_ANALYZER_NUMBER_OBJECT_CONVERSION = YES_AGGRESSIVE;
				CLANG_CXX_LANGUAGE_STANDARD = "gnu++20";
				CLANG_ENABLE_MODULES = YES;
				CLANG_ENABLE_OBJC_ARC = YES;
				CLANG_ENABLE_OBJC_WEAK = YES;
				CLANG_WARN_BLOCK_CAPTURE_AUTORELEASING = YES;
				CLANG_WARN_BOOL_CONVERSION = YES;
				CLANG_WARN_COMMA = YES;
				CLANG_WARN_CONSTANT_CONVERSION = YES;
				CLANG_WARN_DEPRECATED_OBJC_IMPLEMENTATIONS = YES;
				CLANG_WARN_DIRECT_OBJC_ISA_USAGE = YES_ERROR;
				CLANG_WARN_DOCUMENTATION_COMMENTS = YES;
				CLANG_WARN_EMPTY_BODY = YES;
				CLANG_WARN_ENUM_CONVERSION = YES;
				CLANG_WARN_INFINITE_RECURSION = YES;
				CLANG_WARN_INT_CONVERSION = YES;
				CLANG_WARN_NON_LITERAL_NULL_CONVERSION = YES;
				CLANG_WARN_OBJC_IMPLICIT_RETAIN_SELF = YES;
				CLANG_WARN_OBJC_LITERAL_CONVERSION = YES;
				CLANG_WARN_OBJC_ROOT_CLASS = YES_ERROR;
				CLANG_WARN_QUOTED_INCLUDE_IN_FRAMEWORK_HEADER = YES;
				CLANG_WARN_RANGE_LOOP_ANALYSIS = YES;
				CLANG_WARN_STRICT_PROTOTYPES = YES;
				CLANG_WARN_SUSPICIOUS_MOVE = YES;
				CLANG_WARN_UNGUARDED_AVAILABILITY = YES_AGGRESSIVE;
				CLANG_WARN_UNREACHABLE_CODE = YES;
				CLANG_WARN__DUPLICATE_METHOD_MATCH = YES;
				COPY_PHASE_STRIP = NO;
				DEBUG_INFORMATION_FORMAT = dwarf;
				ENABLE_STRICT_OBJC_MSGSEND = YES;
				ENABLE_TESTABILITY = YES;
				GCC_C_LANGUAGE_STANDARD = gnu11;
				GCC_DYNAMIC_NO_PIC = NO;
				GCC_NO_COMMON_BLOCKS = YES;
				GCC_OPTIMIZATION_LEVEL = 0;
				GCC_PREPROCESSOR_DEFINITIONS = (
					"DEBUG=1",
					"$(inherited)",
				);
				GCC_WARN_64_TO_32_BIT_CONVERSION = YES;
				GCC_WARN_ABOUT_RETURN_TYPE = YES_ERROR;
				GCC_WARN_UNDECLARED_SELECTOR = YES;
				GCC_WARN_UNINITIALIZED_AUTOS = YES_AGGRESSIVE;
				GCC_WARN_UNUSED_FUNCTION = YES;
				GCC_WARN_UNUSED_VARIABLE = YES;
				MACOSX_DEPLOYMENT_TARGET = 13.3;
				MTL_ENABLE_DEBUG_INFO = INCLUDE_SOURCE;
				MTL_FAST_MATH = YES;
				ONLY_ACTIVE_ARCH = YES;
				SDKROOT = macosx;
			};
			name = Debug;
		};
		61EC4EB82A2FD7B40008F95F /* Release */ = {
			isa = XCBuildConfiguration;
			buildSettings = {
				ALWAYS_SEARCH_USER_PATHS = NO;
				CLANG_ANALYZER_NONNULL = YES;
				CLANG_ANALYZER_NUMBER_OBJECT_CONVERSION = YES_AGGRESSIVE;
				CLANG_CXX_LANGUAGE_STANDARD = "gnu++20";
				CLANG_ENABLE_MODULES = YES;
				CLANG_ENABLE_OBJC_ARC = YES;
				CLANG_ENABLE_OBJC_WEAK = YES;
				CLANG_WARN_BLOCK_CAPTURE_AUTORELEASING = YES;
				CLANG_WARN_BOOL_CONVERSION = YES;
				CLANG_WARN_COMMA = YES;
				CLANG_WARN_CONSTANT_CONVERSION = YES;
				CLANG_WARN_DEPRECATED_OBJC_IMPLEMENTATIONS = YES;
				CLANG_WARN_DIRECT_OBJC_ISA_USAGE = YES_ERROR;
				CLANG_WARN_DOCUMENTATION_COMMENTS = YES;
				CLANG_WARN_EMPTY_BODY = YES;
				CLANG_WARN_ENUM_CONVERSION = YES;
				CLANG_WARN_INFINITE_RECURSION = YES;
				CLANG_WARN_INT_CONVERSION = YES;
				CLANG_WARN_NON_LITERAL_NULL_CONVERSION = YES;
				CLANG_WARN_OBJC_IMPLICIT_RETAIN_SELF = YES;
				CLANG_WARN_OBJC_LITERAL_CONVERSION = YES;
				CLANG_WARN_OBJC_ROOT_CLASS = YES_ERROR;
				CLANG_WARN_QUOTED_INCLUDE_IN_FRAMEWORK_HEADER = YES;
				CLANG_WARN_RANGE_LOOP_ANALYSIS = YES;
				CLANG_WARN_STRICT_PROTOTYPES = YES;
				CLANG_WARN_SUSPICIOUS_MOVE = YES;
				CLANG_WARN_UNGUARDED_AVAILABILITY = YES_AGGRESSIVE;
				CLANG_WARN_UNREACHABLE_CODE = YES;
				CLANG_WARN__DUPLICATE_METHOD_MATCH = YES;
				COPY_PHASE_STRIP = NO;
				DEBUG_INFORMATION_FORMAT = "dwarf-with-dsym";
				ENABLE_NS_ASSERTIONS = NO;
				ENABLE_STRICT_OBJC_MSGSEND = YES;
				GCC_C_LANGUAGE_STANDARD = gnu11;
				GCC_NO_COMMON_BLOCKS = YES;
				GCC_WARN_64_TO_32_BIT_CONVERSION = YES;
				GCC_WARN_ABOUT_RETURN_TYPE = YES_ERROR;
				GCC_WARN_UNDECLARED_SELECTOR = YES;
				GCC_WARN_UNINITIALIZED_AUTOS = YES_AGGRESSIVE;
				GCC_WARN_UNUSED_FUNCTION = YES;
				GCC_WARN_UNUSED_VARIABLE = YES;
				MACOSX_DEPLOYMENT_TARGET = 13.3;
				MTL_ENABLE_DEBUG_INFO = NO;
				MTL_FAST_MATH = YES;
				SDKROOT = macosx;
			};
			name = Release;
		};
		61EC4EBA2A2FD7B40008F95F /* Debug */ = {
			isa = XCBuildConfiguration;
			buildSettings = {
				CLANG_CXX_LANGUAGE_STANDARD = "gnu++0x";
				CODE_SIGN_STYLE = Automatic;
				HEADER_SEARCH_PATHS = (
					/Applications/CPLEX_Studio2211/concert/include,
					/Applications/CPLEX_Studio2211/cplex/include,
				);
				LIBRARY_SEARCH_PATHS = (
					/Applications/CPLEX_Studio2211/cplex/lib/arm64_osx/static_pic,
					/Applications/CPLEX_Studio2211/concert/lib/arm64_osx/static_pic,
				);
				OTHER_CFLAGS = "-DIL_STD";
				PRODUCT_NAME = "$(TARGET_NAME)";
			};
			name = Debug;
		};
		61EC4EBB2A2FD7B40008F95F /* Release */ = {
			isa = XCBuildConfiguration;
			buildSettings = {
				CLANG_CXX_LANGUAGE_STANDARD = "gnu++0x";
				CODE_SIGN_STYLE = Automatic;
				HEADER_SEARCH_PATHS = (
					/Applications/CPLEX_Studio2211/concert/include,
					/Applications/CPLEX_Studio2211/cplex/include,
				);
				LIBRARY_SEARCH_PATHS = (
					/Applications/CPLEX_Studio2211/cplex/lib/arm64_osx/static_pic,
					/Applications/CPLEX_Studio2211/concert/lib/arm64_osx/static_pic,
				);
				OTHER_CFLAGS = "-DIL_STD";
				PRODUCT_NAME = "$(TARGET_NAME)";
			};
			name = Release;
		};
/* End XCBuildConfiguration section */

/* Begin XCConfigurationList section */
		61EC4EAD2A2FD7B40008F95F /* Build configuration list for PBXProject "operation_research" */ = {
			isa = XCConfigurationList;
			buildConfigurations = (
				61EC4EB72A2FD7B40008F95F /* Debug */,
				61EC4EB82A2FD7B40008F95F /* Release */,
			);
			defaultConfigurationIsVisible = 0;
			defaultConfigurationName = Release;
		};
		61EC4EB92A2FD7B40008F95F /* Build configuration list for PBXNativeTarget "operation_research" */ = {
			isa = XCConfigurationList;
			buildConfigurations = (
				61EC4EBA2A2FD7B40008F95F /* Debug */,
				61EC4EBB2A2FD7B40008F95F /* Release */,
			);
			defaultConfigurationIsVisible = 0;
			defaultConfigurationName = Release;
		};
/* End XCConfigurationList section */
	};
	rootObject = 61EC4EAA2A2FD7B40008F95F /* Project object */;
}
